
Microsoft Visual Studio Solution File, Format Version 12.00
# Visual Studio Version 17
VisualStudioVersion = 17.7.34221.43
MinimumVisualStudioVersion = 10.0.40219.1
Project("{FAE04EC0-301F-11D3-BF4B-00C04F79EFBC}") = "Module10PT", "Module10PT\Module10PT.csproj", "{D686E328-1395-40A4-A529-CC16A5DDEECF}"
EndProject
Global
	GlobalSection(SolutionConfigurationPlatforms) = preSolution
		Debug|Any CPU = Debug|Any CPU
		Release|Any CPU = Release|Any CPU
	EndGlobalSection
	GlobalSection(ProjectConfigurationPlatforms) = postSolution
		{D686E328-1395-40A4-A529-CC16A5DDEECF}.Debug|Any CPU.ActiveCfg = Debug|Any CPU
		{D686E328-1395-40A4-A529-CC16A5DDEECF}.Debug|Any CPU.Build.0 = Debug|Any CPU
		{D686E328-1395-40A4-A529-CC16A5DDEECF}.Release|Any CPU.ActiveCfg = Release|Any CPU
		{D686E328-1395-40A4-A529-CC16A5DDEECF}.Release|Any CPU.Build.0 = Release|Any CPU
	EndGlobalSection
	GlobalSection(SolutionProperties) = preSolution
		HideSolutionNode = FALSE
	EndGlobalSection
	GlobalSection(ExtensibilityGlobals) = postSolution
		SolutionGuid = {65E7B109-9365-4DCD-8FF5-9AAE4B56D54A}
	EndGlobalSection
EndGlobal
